// !$*UTF8*$!
{
	archiveVersion = 1;
	classes = {
	};
	objectVersion = 50;
	objects = {

/* Begin PBXBuildFile section */
		ED50B4522295288C00534ECA /* AppDelegate.m in Sources */ = {isa = PBXBuildFile; fileRef = ED50B4512295288C00534ECA /* AppDelegate.m */; };
		ED50B4552295288C00534ECA /* ViewController.m in Sources */ = {isa = PBXBuildFile; fileRef = ED50B4542295288C00534ECA /* ViewController.m */; };
		ED50B4582295288C00534ECA /* Main.storyboard in Resources */ = {isa = PBXBuildFile; fileRef = ED50B4562295288C00534ECA /* Main.storyboard */; };
		ED50B45A2295288D00534ECA /* Assets.xcassets in Resources */ = {isa = PBXBuildFile; fileRef = ED50B4592295288D00534ECA /* Assets.xcassets */; };
		ED50B45D2295288D00534ECA /* LaunchScreen.storyboard in Resources */ = {isa = PBXBuildFile; fileRef = ED50B45B2295288D00534ECA /* LaunchScreen.storyboard */; };
		ED50B4602295288D00534ECA /* main.m in Sources */ = {isa = PBXBuildFile; fileRef = ED50B45F2295288D00534ECA /* main.m */; };
		ED50B46A2295288D00534ECA /* AlgorithmDemoTests.m in Sources */ = {isa = PBXBuildFile; fileRef = ED50B4692295288D00534ECA /* AlgorithmDemoTests.m */; };
		ED50B475229528CF00534ECA /* DSA.framework in Frameworks */ = {isa = PBXBuildFile; fileRef = ED50B474229528CF00534ECA /* DSA.framework */; };
		ED50B476229528CF00534ECA /* DSA.framework in Embed Frameworks */ = {isa = PBXBuildFile; fileRef = ED50B474229528CF00534ECA /* DSA.framework */; settings = {ATTRIBUTES = (CodeSignOnCopy, RemoveHeadersOnCopy, ); }; };
		ED61E1AD229B840200DC61A6 /* SwiftTest.swift in Sources */ = {isa = PBXBuildFile; fileRef = ED61E1AC229B840200DC61A6 /* SwiftTest.swift */; };
/* End PBXBuildFile section */

/* Begin PBXContainerItemProxy section */
		ED50B4662295288D00534ECA /* PBXContainerItemProxy */ = {
			isa = PBXContainerItemProxy;
			containerPortal = ED50B4452295288C00534ECA /* Project object */;
			proxyType = 1;
			remoteGlobalIDString = ED50B44C2295288C00534ECA;
			remoteInfo = AlgorithmDemo;
		};
/* End PBXContainerItemProxy section */

/* Begin PBXCopyFilesBuildPhase section */
		ED50B477229528CF00534ECA /* Embed Frameworks */ = {
			isa = PBXCopyFilesBuildPhase;
			buildActionMask = 2147483647;
			dstPath = "";
			dstSubfolderSpec = 10;
			files = (
				ED50B476229528CF00534ECA /* DSA.framework in Embed Frameworks */,
			);
			name = "Embed Frameworks";
			runOnlyForDeploymentPostprocessing = 0;
		};
/* End PBXCopyFilesBuildPhase section */

/* Begin PBXFileReference section */
		ED50B44D2295288C00534ECA /* AlgorithmDemo.app */ = {isa = PBXFileReference; explicitFileType = wrapper.application; includeInIndex = 0; path = AlgorithmDemo.app; sourceTree = BUILT_PRODUCTS_DIR; };
		ED50B4502295288C00534ECA /* AppDelegate.h */ = {isa = PBXFileReference; lastKnownFileType = sourcecode.c.h; path = AppDelegate.h; sourceTree = "<group>"; };
		ED50B4512295288C00534ECA /* AppDelegate.m */ = {isa = PBXFileReference; lastKnownFileType = sourcecode.c.objc; path = AppDelegate.m; sourceTree = "<group>"; };
		ED50B4532295288C00534ECA /* ViewController.h */ = {isa = PBXFileReference; lastKnownFileType = sourcecode.c.h; path = ViewController.h; sourceTree = "<group>"; };
		ED50B4542295288C00534ECA /* ViewController.m */ = {isa = PBXFileReference; lastKnownFileType = sourcecode.c.objc; path = ViewController.m; sourceTree = "<group>"; };
		ED50B4572295288C00534ECA /* Base */ = {isa = PBXFileReference; lastKnownFileType = file.storyboard; name = Base; path = Base.lproj/Main.storyboard; sourceTree = "<group>"; };
		ED50B4592295288D00534ECA /* Assets.xcassets */ = {isa = PBXFileReference; lastKnownFileType = folder.assetcatalog; path = Assets.xcassets; sourceTree = "<group>"; };
		ED50B45C2295288D00534ECA /* Base */ = {isa = PBXFileReference; lastKnownFileType = file.storyboard; name = Base; path = Base.lproj/LaunchScreen.storyboard; sourceTree = "<group>"; };
		ED50B45E2295288D00534ECA /* Info.plist */ = {isa = PBXFileReference; lastKnownFileType = text.plist.xml; path = Info.plist; sourceTree = "<group>"; };
		ED50B45F2295288D00534ECA /* main.m */ = {isa = PBXFileReference; lastKnownFileType = sourcecode.c.objc; path = main.m; sourceTree = "<group>"; };
		ED50B4652295288D00534ECA /* AlgorithmDemoTests.xctest */ = {isa = PBXFileReference; explicitFileType = wrapper.cfbundle; includeInIndex = 0; path = AlgorithmDemoTests.xctest; sourceTree = BUILT_PRODUCTS_DIR; };
		ED50B4692295288D00534ECA /* AlgorithmDemoTests.m */ = {isa = PBXFileReference; lastKnownFileType = sourcecode.c.objc; path = AlgorithmDemoTests.m; sourceTree = "<group>"; };
		ED50B46B2295288D00534ECA /* Info.plist */ = {isa = PBXFileReference; lastKnownFileType = text.plist.xml; path = Info.plist; sourceTree = "<group>"; };
		ED50B474229528CF00534ECA /* DSA.framework */ = {isa = PBXFileReference; explicitFileType = wrapper.framework; path = DSA.framework; sourceTree = BUILT_PRODUCTS_DIR; };
		ED61E1AB229B840100DC61A6 /* AlgorithmDemo-Bridging-Header.h */ = {isa = PBXFileReference; lastKnownFileType = sourcecode.c.h; path = "AlgorithmDemo-Bridging-Header.h"; sourceTree = "<group>"; };
		ED61E1AC229B840200DC61A6 /* SwiftTest.swift */ = {isa = PBXFileReference; lastKnownFileType = sourcecode.swift; path = SwiftTest.swift; sourceTree = "<group>"; };
/* End PBXFileReference section */

/* Begin PBXFrameworksBuildPhase section */
		ED50B44A2295288C00534ECA /* Frameworks */ = {
			isa = PBXFrameworksBuildPhase;
			buildActionMask = 2147483647;
			files = (
				ED50B475229528CF00534ECA /* DSA.framework in Frameworks */,
			);
			runOnlyForDeploymentPostprocessing = 0;
		};
		ED50B4622295288D00534ECA /* Frameworks */ = {
			isa = PBXFrameworksBuildPhase;
			buildActionMask = 2147483647;
			files = (
			);
			runOnlyForDeploymentPostprocessing = 0;
		};
/* End PBXFrameworksBuildPhase section */

/* Begin PBXGroup section */
		ED50B4442295288C00534ECA = {
			isa = PBXGroup;
			children = (
				ED50B474229528CF00534ECA /* DSA.framework */,
				ED50B44F2295288C00534ECA /* AlgorithmDemo */,
				ED50B4682295288D00534ECA /* AlgorithmDemoTests */,
				ED50B44E2295288C00534ECA /* Products */,
			);
			sourceTree = "<group>";
		};
		ED50B44E2295288C00534ECA /* Products */ = {
			isa = PBXGroup;
			children = (
				ED50B44D2295288C00534ECA /* AlgorithmDemo.app */,
				ED50B4652295288D00534ECA /* AlgorithmDemoTests.xctest */,
			);
			name = Products;
			sourceTree = "<group>";
		};
		ED50B44F2295288C00534ECA /* AlgorithmDemo */ = {
			isa = PBXGroup;
			children = (
				ED50B4502295288C00534ECA /* AppDelegate.h */,
				ED50B4512295288C00534ECA /* AppDelegate.m */,
				ED50B4532295288C00534ECA /* ViewController.h */,
				ED50B4542295288C00534ECA /* ViewController.m */,
				ED50B4562295288C00534ECA /* Main.storyboard */,
				ED50B4592295288D00534ECA /* Assets.xcassets */,
				ED50B45B2295288D00534ECA /* LaunchScreen.storyboard */,
				ED50B45E2295288D00534ECA /* Info.plist */,
				ED50B45F2295288D00534ECA /* main.m */,
				ED61E1AC229B840200DC61A6 /* SwiftTest.swift */,
				ED61E1AB229B840100DC61A6 /* AlgorithmDemo-Bridging-Header.h */,
			);
			path = AlgorithmDemo;
			sourceTree = "<group>";
		};
		ED50B4682295288D00534ECA /* AlgorithmDemoTests */ = {
			isa = PBXGroup;
			children = (
				ED50B4692295288D00534ECA /* AlgorithmDemoTests.m */,
				ED50B46B2295288D00534ECA /* Info.plist */,
			);
			path = AlgorithmDemoTests;
			sourceTree = "<group>";
		};
/* End PBXGroup section */

/* Begin PBXNativeTarget section */
		ED50B44C2295288C00534ECA /* AlgorithmDemo */ = {
			isa = PBXNativeTarget;
			buildConfigurationList = ED50B46E2295288D00534ECA /* Build configuration list for PBXNativeTarget "AlgorithmDemo" */;
			buildPhases = (
				ED50B4492295288C00534ECA /* Sources */,
				ED50B44A2295288C00534ECA /* Frameworks */,
				ED50B44B2295288C00534ECA /* Resources */,
				ED50B477229528CF00534ECA /* Embed Frameworks */,
			);
			buildRules = (
			);
			dependencies = (
			);
			name = AlgorithmDemo;
			productName = AlgorithmDemo;
			productReference = ED50B44D2295288C00534ECA /* AlgorithmDemo.app */;
			productType = "com.apple.product-type.application";
		};
		ED50B4642295288D00534ECA /* AlgorithmDemoTests */ = {
			isa = PBXNativeTarget;
			buildConfigurationList = ED50B4712295288D00534ECA /* Build configuration list for PBXNativeTarget "AlgorithmDemoTests" */;
			buildPhases = (
				ED50B4612295288D00534ECA /* Sources */,
				ED50B4622295288D00534ECA /* Frameworks */,
				ED50B4632295288D00534ECA /* Resources */,
			);
			buildRules = (
			);
			dependencies = (
				ED50B4672295288D00534ECA /* PBXTargetDependency */,
			);
			name = AlgorithmDemoTests;
			productName = AlgorithmDemoTests;
			productReference = ED50B4652295288D00534ECA /* AlgorithmDemoTests.xctest */;
			productType = "com.apple.product-type.bundle.unit-test";
		};
/* End PBXNativeTarget section */

/* Begin PBXProject section */
		ED50B4452295288C00534ECA /* Project object */ = {
			isa = PBXProject;
			attributes = {
				LastUpgradeCheck = 1020;
				ORGANIZATIONNAME = Cocos;
				TargetAttributes = {
					ED50B44C2295288C00534ECA = {
						CreatedOnToolsVersion = 10.2.1;
						LastSwiftMigration = 1020;
					};
					ED50B4642295288D00534ECA = {
						CreatedOnToolsVersion = 10.2.1;
						TestTargetID = ED50B44C2295288C00534ECA;
					};
				};
			};
			buildConfigurationList = ED50B4482295288C00534ECA /* Build configuration list for PBXProject "AlgorithmDemo" */;
			compatibilityVersion = "Xcode 9.3";
			developmentRegion = en;
			hasScannedForEncodings = 0;
			knownRegions = (
				en,
				Base,
			);
			mainGroup = ED50B4442295288C00534ECA;
			productRefGroup = ED50B44E2295288C00534ECA /* Products */;
			projectDirPath = "";
			projectRoot = "";
			targets = (
				ED50B44C2295288C00534ECA /* AlgorithmDemo */,
				ED50B4642295288D00534ECA /* AlgorithmDemoTests */,
			);
		};
/* End PBXProject section */

/* Begin PBXResourcesBuildPhase section */
		ED50B44B2295288C00534ECA /* Resources */ = {
			isa = PBXResourcesBuildPhase;
			buildActionMask = 2147483647;
			files = (
				ED50B45D2295288D00534ECA /* LaunchScreen.storyboard in Resources */,
				ED50B45A2295288D00534ECA /* Assets.xcassets in Resources */,
				ED50B4582295288C00534ECA /* Main.storyboard in Resources */,
			);
			runOnlyForDeploymentPostprocessing = 0;
		};
		ED50B4632295288D00534ECA /* Resources */ = {
			isa = PBXResourcesBuildPhase;
			buildActionMask = 2147483647;
			files = (
			);
			runOnlyForDeploymentPostprocessing = 0;
		};
/* End PBXResourcesBuildPhase section */

/* Begin PBXSourcesBuildPhase section */
		ED50B4492295288C00534ECA /* Sources */ = {
			isa = PBXSourcesBuildPhase;
			buildActionMask = 2147483647;
			files = (
				ED50B4552295288C00534ECA /* ViewController.m in Sources */,
				ED50B4602295288D00534ECA /* main.m in Sources */,
				ED50B4522295288C00534ECA /* AppDelegate.m in Sources */,
				ED61E1AD229B840200DC61A6 /* SwiftTest.swift in Sources */,
			);
			runOnlyForDeploymentPostprocessing = 0;
		};
		ED50B4612295288D00534ECA /* Sources */ = {
			isa = PBXSourcesBuildPhase;
			buildActionMask = 2147483647;
			files = (
				ED50B46A2295288D00534ECA /* AlgorithmDemoTests.m in Sources */,
			);
			runOnlyForDeploymentPostprocessing = 0;
		};
/* End PBXSourcesBuildPhase section */

/* Begin PBXTargetDependency section */
		ED50B4672295288D00534ECA /* PBXTargetDependency */ = {
			isa = PBXTargetDependency;
			target = ED50B44C2295288C00534ECA /* AlgorithmDemo */;
			targetProxy = ED50B4662295288D00534ECA /* PBXContainerItemProxy */;
		};
/* End PBXTargetDependency section */

/* Begin PBXVariantGroup section */
		ED50B4562295288C00534ECA /* Main.storyboard */ = {
			isa = PBXVariantGroup;
			children = (
				ED50B4572295288C00534ECA /* Base */,
			);
			name = Main.storyboard;
			sourceTree = "<group>";
		};
		ED50B45B2295288D00534ECA /* LaunchScreen.storyboard */ = {
			isa = PBXVariantGroup;
			children = (
				ED50B45C2295288D00534ECA /* Base */,
			);
			name = LaunchScreen.storyboard;
			sourceTree = "<group>";
		};
/* End PBXVariantGroup section */

/* Begin XCBuildConfiguration section */
		ED50B46C2295288D00534ECA /* Debug */ = {
			isa = XCBuildConfiguration;
			buildSettings = {
				ALWAYS_SEARCH_USER_PATHS = NO;
				CLANG_ANALYZER_NONNULL = YES;
				CLANG_ANALYZER_NUMBER_OBJECT_CONVERSION = YES_AGGRESSIVE;
				CLANG_CXX_LANGUAGE_STANDARD = "gnu++14";
				CLANG_CXX_LIBRARY = "libc++";
				CLANG_ENABLE_MODULES = YES;
				CLANG_ENABLE_OBJC_ARC = YES;
				CLANG_ENABLE_OBJC_WEAK = YES;
				CLANG_WARN_BLOCK_CAPTURE_AUTORELEASING = YES;
				CLANG_WARN_BOOL_CONVERSION = YES;
				CLANG_WARN_COMMA = YES;
				CLANG_WARN_CONSTANT_CONVERSION = YES;
				CLANG_WARN_DEPRECATED_OBJC_IMPLEMENTATIONS = YES;
				CLANG_WARN_DIRECT_OBJC_ISA_USAGE = YES_ERROR;
				CLANG_WARN_DOCUMENTATION_COMMENTS = YES;
				CLANG_WARN_EMPTY_BODY = YES;
				CLANG_WARN_ENUM_CONVERSION = YES;
				CLANG_WARN_INFINITE_RECURSION = YES;
				CLANG_WARN_INT_CONVERSION = YES;
				CLANG_WARN_NON_LITERAL_NULL_CONVERSION = YES;
				CLANG_WARN_OBJC_IMPLICIT_RETAIN_SELF = YES;
				CLANG_WARN_OBJC_LITERAL_CONVERSION = YES;
				CLANG_WARN_OBJC_ROOT_CLASS = YES_ERROR;
				CLANG_WARN_RANGE_LOOP_ANALYSIS = YES;
				CLANG_WARN_STRICT_PROTOTYPES = YES;
				CLANG_WARN_SUSPICIOUS_MOVE = YES;
				CLANG_WARN_UNGUARDED_AVAILABILITY = YES_AGGRESSIVE;
				CLANG_WARN_UNREACHABLE_CODE = YES;
				CLANG_WARN__DUPLICATE_METHOD_MATCH = YES;
				CODE_SIGN_IDENTITY = "iPhone Developer";
				COPY_PHASE_STRIP = NO;
				DEBUG_INFORMATION_FORMAT = dwarf;
				ENABLE_STRICT_OBJC_MSGSEND = YES;
				ENABLE_TESTABILITY = YES;
				GCC_C_LANGUAGE_STANDARD = gnu11;
				GCC_DYNAMIC_NO_PIC = NO;
				GCC_NO_COMMON_BLOCKS = YES;
				GCC_OPTIMIZATION_LEVEL = 0;
				GCC_PREPROCESSOR_DEFINITIONS = (
					"DEBUG=1",
					"$(inherited)",
				);
				GCC_WARN_64_TO_32_BIT_CONVERSION = YES;
				GCC_WARN_ABOUT_RETURN_TYPE = YES_ERROR;
				GCC_WARN_UNDECLARED_SELECTOR = YES;
				GCC_WARN_UNINITIALIZED_AUTOS = YES_AGGRESSIVE;
				GCC_WARN_UNUSED_FUNCTION = YES;
				GCC_WARN_UNUSED_VARIABLE = YES;
				IPHONEOS_DEPLOYMENT_TARGET = 12.2;
				MTL_ENABLE_DEBUG_INFO = INCLUDE_SOURCE;
				MTL_FAST_MATH = YES;
				ONLY_ACTIVE_ARCH = YES;
				SDKROOT = iphoneos;
			};
			name = Debug;
		};
		ED50B46D2295288D00534ECA /* Release */ = {
			isa = XCBuildConfiguration;
			buildSettings = {
				ALWAYS_SEARCH_USER_PATHS = NO;
				CLANG_ANALYZER_NONNULL = YES;
				CLANG_ANALYZER_NUMBER_OBJECT_CONVERSION = YES_AGGRESSIVE;
				CLANG_CXX_LANGUAGE_STANDARD = "gnu++14";
				CLANG_CXX_LIBRARY = "libc++";
				CLANG_ENABLE_MODULES = YES;
				CLANG_ENABLE_OBJC_ARC = YES;
				CLANG_ENABLE_OBJC_WEAK = YES;
				CLANG_WARN_BLOCK_CAPTURE_AUTORELEASING = YES;
				CLANG_WARN_BOOL_CONVERSION = YES;
				CLANG_WARN_COMMA = YES;
				CLANG_WARN_CONSTANT_CONVERSION = YES;
				CLANG_WARN_DEPRECATED_OBJC_IMPLEMENTATIONS = YES;
				CLANG_WARN_DIRECT_OBJC_ISA_USAGE = YES_ERROR;
				CLANG_WARN_DOCUMENTATION_COMMENTS = YES;
				CLANG_WARN_EMPTY_BODY = YES;
				CLANG_WARN_ENUM_CONVERSION = YES;
				CLANG_WARN_INFINITE_RECURSION = YES;
				CLANG_WARN_INT_CONVERSION = YES;
				CLANG_WARN_NON_LITERAL_NULL_CONVERSION = YES;
				CLANG_WARN_OBJC_IMPLICIT_RETAIN_SELF = YES;
				CLANG_WARN_OBJC_LITERAL_CONVERSION = YES;
				CLANG_WARN_OBJC_ROOT_CLASS = YES_ERROR;
				CLANG_WARN_RANGE_LOOP_ANALYSIS = YES;
				CLANG_WARN_STRICT_PROTOTYPES = YES;
				CLANG_WARN_SUSPICIOUS_MOVE = YES;
				CLANG_WARN_UNGUARDED_AVAILABILITY = YES_AGGRESSIVE;
				CLANG_WARN_UNREACHABLE_CODE = YES;
				CLANG_WARN__DUPLICATE_METHOD_MATCH = YES;
				CODE_SIGN_IDENTITY = "iPhone Developer";
				COPY_PHASE_STRIP = NO;
				DEBUG_INFORMATION_FORMAT = "dwarf-with-dsym";
				ENABLE_NS_ASSERTIONS = NO;
				ENABLE_STRICT_OBJC_MSGSEND = YES;
				GCC_C_LANGUAGE_STANDARD = gnu11;
				GCC_NO_COMMON_BLOCKS = YES;
				GCC_WARN_64_TO_32_BIT_CONVERSION = YES;
				GCC_WARN_ABOUT_RETURN_TYPE = YES_ERROR;
				GCC_WARN_UNDECLARED_SELECTOR = YES;
				GCC_WARN_UNINITIALIZED_AUTOS = YES_AGGRESSIVE;
				GCC_WARN_UNUSED_FUNCTION = YES;
				GCC_WARN_UNUSED_VARIABLE = YES;
				IPHONEOS_DEPLOYMENT_TARGET = 12.2;
				MTL_ENABLE_DEBUG_INFO = NO;
				MTL_FAST_MATH = YES;
				SDKROOT = iphoneos;
				VALIDATE_PRODUCT = YES;
			};
			name = Release;
		};
		ED50B46F2295288D00534ECA /* Debug */ = {
			isa = XCBuildConfiguration;
			buildSettings = {
				ASSETCATALOG_COMPILER_APPICON_NAME = AppIcon;
				CLANG_ENABLE_MODULES = YES;
				CODE_SIGN_STYLE = Automatic;
				FRAMEWORK_SEARCH_PATHS = (
					"$(inherited)",
					"$(PROJECT_DIR)",
				);
				INFOPLIST_FILE = AlgorithmDemo/Info.plist;
				LD_RUNPATH_SEARCH_PATHS = (
					"$(inherited)",
					"@executable_path/Frameworks",
				);
				PRODUCT_BUNDLE_IDENTIFIER = com.cocos.AlgorithmDemo;
				PRODUCT_NAME = "$(TARGET_NAME)";
				SWIFT_OBJC_BRIDGING_HEADER = "AlgorithmDemo/AlgorithmDemo-Bridging-Header.h";
				SWIFT_OPTIMIZATION_LEVEL = "-Onone";
				SWIFT_VERSION = 5.0;
				TARGETED_DEVICE_FAMILY = "1,2";
			};
			name = Debug;
		};
		ED50B4702295288D00534ECA /* Release */ = {
			isa = XCBuildConfiguration;
			buildSettings = {
				ASSETCATALOG_COMPILER_APPICON_NAME = AppIcon;
				CLANG_ENABLE_MODULES = YES;
				CODE_SIGN_STYLE = Automatic;
				FRAMEWORK_SEARCH_PATHS = (
					"$(inherited)",
					"$(PROJECT_DIR)",
				);
				INFOPLIST_FILE = AlgorithmDemo/Info.plist;
				LD_RUNPATH_SEARCH_PATHS = (
					"$(inherited)",
					"@executable_path/Frameworks",
				);
				PRODUCT_BUNDLE_IDENTIFIER = com.cocos.AlgorithmDemo;
				PRODUCT_NAME = "$(TARGET_NAME)";
				SWIFT_OBJC_BRIDGING_HEADER = "AlgorithmDemo/AlgorithmDemo-Bridging-Header.h";
				SWIFT_VERSION = 5.0;
				TARGETED_DEVICE_FAMILY = "1,2";
			};
			name = Release;
		};
		ED50B4722295288D00534ECA /* Debug */ = {
			isa = XCBuildConfiguration;
			buildSettings = {
				ALWAYS_EMBED_SWIFT_STANDARD_LIBRARIES = YES;
				BUNDLE_LOADER = "$(TEST_HOST)";
				CODE_SIGN_STYLE = Automatic;
				INFOPLIST_FILE = AlgorithmDemoTests/Info.plist;
				LD_RUNPATH_SEARCH_PATHS = (
					"$(inherited)",
					"@executable_path/Frameworks",
					"@loader_path/Frameworks",
				);
				PRODUCT_BUNDLE_IDENTIFIER = com.cocos.AlgorithmDemoTests;
				PRODUCT_NAME = "$(TARGET_NAME)";
				TARGETED_DEVICE_FAMILY = "1,2";
				TEST_HOST = "$(BUILT_PRODUCTS_DIR)/AlgorithmDemo.app/AlgorithmDemo";
			};
			name = Debug;
		};
		ED50B4732295288D00534ECA /* Release */ = {
			isa = XCBuildConfiguration;
			buildSettings = {
				ALWAYS_EMBED_SWIFT_STANDARD_LIBRARIES = YES;
				BUNDLE_LOADER = "$(TEST_HOST)";
				CODE_SIGN_STYLE = Automatic;
				INFOPLIST_FILE = AlgorithmDemoTests/Info.plist;
				LD_RUNPATH_SEARCH_PATHS = (
					"$(inherited)",
					"@executable_path/Frameworks",
					"@loader_path/Frameworks",
				);
				PRODUCT_BUNDLE_IDENTIFIER = com.cocos.AlgorithmDemoTests;
				PRODUCT_NAME = "$(TARGET_NAME)";
				TARGETED_DEVICE_FAMILY = "1,2";
				TEST_HOST = "$(BUILT_PRODUCTS_DIR)/AlgorithmDemo.app/AlgorithmDemo";
			};
			name = Release;
		};
/* End XCBuildConfiguration section */

/* Begin XCConfigurationList section */
		ED50B4482295288C00534ECA /* Build configuration list for PBXProject "AlgorithmDemo" */ = {
			isa = XCConfigurationList;
			buildConfigurations = (
				ED50B46C2295288D00534ECA /* Debug */,
				ED50B46D2295288D00534ECA /* Release */,
			);
			defaultConfigurationIsVisible = 0;
			defaultConfigurationName = Release;
		};
		ED50B46E2295288D00534ECA /* Build configuration list for PBXNativeTarget "AlgorithmDemo" */ = {
			isa = XCConfigurationList;
			buildConfigurations = (
				ED50B46F2295288D00534ECA /* Debug */,
				ED50B4702295288D00534ECA /* Release */,
			);
			defaultConfigurationIsVisible = 0;
			defaultConfigurationName = Release;
		};
		ED50B4712295288D00534ECA /* Build configuration list for PBXNativeTarget "AlgorithmDemoTests" */ = {
			isa = XCConfigurationList;
			buildConfigurations = (
				ED50B4722295288D00534ECA /* Debug */,
				ED50B4732295288D00534ECA /* Release */,
			);
			defaultConfigurationIsVisible = 0;
			defaultConfigurationName = Release;
		};
/* End XCConfigurationList section */
	};
	rootObject = ED50B4452295288C00534ECA /* Project object */;
}
